// !$*UTF8*$!
{
	archiveVersion = 1;
	classes = {
	};
	objectVersion = 46;
	objects = {

/* Begin PBXBuildFile section */
		0481CE5319DC5EA400CC097D /* Foundation.framework in Frameworks */ = {isa = PBXBuildFile; fileRef = 0481CE5219DC5EA400CC097D /* Foundation.framework */; };
		0481CE5519DC5EA400CC097D /* CoreGraphics.framework in Frameworks */ = {isa = PBXBuildFile; fileRef = 0481CE5419DC5EA400CC097D /* CoreGraphics.framework */; };
		0481CE5719DC5EA400CC097D /* UIKit.framework in Frameworks */ = {isa = PBXBuildFile; fileRef = 0481CE5619DC5EA400CC097D /* UIKit.framework */; };
		0481CE5D19DC5EA400CC097D /* InfoPlist.strings in Resources */ = {isa = PBXBuildFile; fileRef = 0481CE5B19DC5EA400CC097D /* InfoPlist.strings */; };
		0481CE5F19DC5EA400CC097D /* main.m in Sources */ = {isa = PBXBuildFile; fileRef = 0481CE5E19DC5EA400CC097D /* main.m */; };
		0481CE6319DC5EA400CC097D /* AppDelegate.m in Sources */ = {isa = PBXBuildFile; fileRef = 0481CE6219DC5EA400CC097D /* AppDelegate.m */; };
		0481CE6619DC5EA400CC097D /* Main.storyboard in Resources */ = {isa = PBXBuildFile; fileRef = 0481CE6419DC5EA400CC097D /* Main.storyboard */; };
		0481CE6919DC5EA400CC097D /* ViewController.m in Sources */ = {isa = PBXBuildFile; fileRef = 0481CE6819DC5EA400CC097D /* ViewController.m */; };
		0481CE6B19DC5EA400CC097D /* Images.xcassets in Resources */ = {isa = PBXBuildFile; fileRef = 0481CE6A19DC5EA400CC097D /* Images.xcassets */; };
		0481CE7219DC5EA400CC097D /* XCTest.framework in Frameworks */ = {isa = PBXBuildFile; fileRef = 0481CE7119DC5EA400CC097D /* XCTest.framework */; };
		0481CE7319DC5EA400CC097D /* Foundation.framework in Frameworks */ = {isa = PBXBuildFile; fileRef = 0481CE5219DC5EA400CC097D /* Foundation.framework */; };
		0481CE7419DC5EA400CC097D /* UIKit.framework in Frameworks */ = {isa = PBXBuildFile; fileRef = 0481CE5619DC5EA400CC097D /* UIKit.framework */; };
		0481CE7C19DC5EA400CC097D /* InfoPlist.strings in Resources */ = {isa = PBXBuildFile; fileRef = 0481CE7A19DC5EA400CC097D /* InfoPlist.strings */; };
		0481CE7E19DC5EA400CC097D /* GitDemosTests.m in Sources */ = {isa = PBXBuildFile; fileRef = 0481CE7D19DC5EA400CC097D /* GitDemosTests.m */; };
/* End PBXBuildFile section */

/* Begin PBXContainerItemProxy section */
		0481CE7519DC5EA400CC097D /* PBXContainerItemProxy */ = {
			isa = PBXContainerItemProxy;
			containerPortal = 0481CE4719DC5EA400CC097D /* Project object */;
			proxyType = 1;
			remoteGlobalIDString = 0481CE4E19DC5EA400CC097D;
			remoteInfo = GitDemos;
		};
/* End PBXContainerItemProxy section */

/* Begin PBXFileReference section */
		0481CE4F19DC5EA400CC097D /* GitDemos.app */ = {isa = PBXFileReference; explicitFileType = wrapper.application; includeInIndex = 0; path = GitDemos.app; sourceTree = BUILT_PRODUCTS_DIR; };
		0481CE5219DC5EA400CC097D /* Foundation.framework */ = {isa = PBXFileReference; lastKnownFileType = wrapper.framework; name = Foundation.framework; path = System/Library/Frameworks/Foundation.framework; sourceTree = SDKROOT; };
		0481CE5419DC5EA400CC097D /* CoreGraphics.framework */ = {isa = PBXFileReference; lastKnownFileType = wrapper.framework; name = CoreGraphics.framework; path = System/Library/Frameworks/CoreGraphics.framework; sourceTree = SDKROOT; };
		0481CE5619DC5EA400CC097D /* UIKit.framework */ = {isa = PBXFileReference; lastKnownFileType = wrapper.framework; name = UIKit.framework; path = System/Library/Frameworks/UIKit.framework; sourceTree = SDKROOT; };
		0481CE5A19DC5EA400CC097D /* GitDemos-Info.plist */ = {isa = PBXFileReference; lastKnownFileType = text.plist.xml; path = "GitDemos-Info.plist"; sourceTree = "<group>"; };
		0481CE5C19DC5EA400CC097D /* en */ = {isa = PBXFileReference; lastKnownFileType = text.plist.strings; name = en; path = en.lproj/InfoPlist.strings; sourceTree = "<group>"; };
		0481CE5E19DC5EA400CC097D /* main.m */ = {isa = PBXFileReference; lastKnownFileType = sourcecode.c.objc; path = main.m; sourceTree = "<group>"; };
		0481CE6019DC5EA400CC097D /* GitDemos-Prefix.pch */ = {isa = PBXFileReference; lastKnownFileType = sourcecode.c.h; path = "GitDemos-Prefix.pch"; sourceTree = "<group>"; };
		0481CE6119DC5EA400CC097D /* AppDelegate.h */ = {isa = PBXFileReference; lastKnownFileType = sourcecode.c.h; path = AppDelegate.h; sourceTree = "<group>"; };
		0481CE6219DC5EA400CC097D /* AppDelegate.m */ = {isa = PBXFileReference; lastKnownFileType = sourcecode.c.objc; path = AppDelegate.m; sourceTree = "<group>"; };
		0481CE6519DC5EA400CC097D /* Base */ = {isa = PBXFileReference; lastKnownFileType = file.storyboard; name = Base; path = Base.lproj/Main.storyboard; sourceTree = "<group>"; };
		0481CE6719DC5EA400CC097D /* ViewController.h */ = {isa = PBXFileReference; lastKnownFileType = sourcecode.c.h; path = ViewController.h; sourceTree = "<group>"; };
		0481CE6819DC5EA400CC097D /* ViewController.m */ = {isa = PBXFileReference; lastKnownFileType = sourcecode.c.objc; path = ViewController.m; sourceTree = "<group>"; };
		0481CE6A19DC5EA400CC097D /* Images.xcassets */ = {isa = PBXFileReference; lastKnownFileType = folder.assetcatalog; path = Images.xcassets; sourceTree = "<group>"; };
		0481CE7019DC5EA400CC097D /* GitDemosTests.xctest */ = {isa = PBXFileReference; explicitFileType = wrapper.cfbundle; includeInIndex = 0; path = GitDemosTests.xctest; sourceTree = BUILT_PRODUCTS_DIR; };
		0481CE7119DC5EA400CC097D /* XCTest.framework */ = {isa = PBXFileReference; lastKnownFileType = wrapper.framework; name = XCTest.framework; path = Library/Frameworks/XCTest.framework; sourceTree = DEVELOPER_DIR; };
		0481CE7919DC5EA400CC097D /* GitDemosTests-Info.plist */ = {isa = PBXFileReference; lastKnownFileType = text.plist.xml; path = "GitDemosTests-Info.plist"; sourceTree = "<group>"; };
		0481CE7B19DC5EA400CC097D /* en */ = {isa = PBXFileReference; lastKnownFileType = text.plist.strings; name = en; path = en.lproj/InfoPlist.strings; sourceTree = "<group>"; };
		0481CE7D19DC5EA400CC097D /* GitDemosTests.m */ = {isa = PBXFileReference; lastKnownFileType = sourcecode.c.objc; path = GitDemosTests.m; sourceTree = "<group>"; };
/* End PBXFileReference section */

/* Begin PBXFrameworksBuildPhase section */
		0481CE4C19DC5EA400CC097D /* Frameworks */ = {
			isa = PBXFrameworksBuildPhase;
			buildActionMask = 2147483647;
			files = (
				0481CE5519DC5EA400CC097D /* CoreGraphics.framework in Frameworks */,
				0481CE5719DC5EA400CC097D /* UIKit.framework in Frameworks */,
				0481CE5319DC5EA400CC097D /* Foundation.framework in Frameworks */,
			);
			runOnlyForDeploymentPostprocessing = 0;
		};
		0481CE6D19DC5EA400CC097D /* Frameworks */ = {
			isa = PBXFrameworksBuildPhase;
			buildActionMask = 2147483647;
			files = (
				0481CE7219DC5EA400CC097D /* XCTest.framework in Frameworks */,
				0481CE7419DC5EA400CC097D /* UIKit.framework in Frameworks */,
				0481CE7319DC5EA400CC097D /* Foundation.framework in Frameworks */,
			);
			runOnlyForDeploymentPostprocessing = 0;
		};
/* End PBXFrameworksBuildPhase section */

/* Begin PBXGroup section */
		0481CE4619DC5EA400CC097D = {
			isa = PBXGroup;
			children = (
				0481CE5819DC5EA400CC097D /* GitDemos */,
				0481CE7719DC5EA400CC097D /* GitDemosTests */,
				0481CE5119DC5EA400CC097D /* Frameworks */,
				0481CE5019DC5EA400CC097D /* Products */,
			);
			sourceTree = "<group>";
		};
		0481CE5019DC5EA400CC097D /* Products */ = {
			isa = PBXGroup;
			children = (
				0481CE4F19DC5EA400CC097D /* GitDemos.app */,
				0481CE7019DC5EA400CC097D /* GitDemosTests.xctest */,
			);
			name = Products;
			sourceTree = "<group>";
		};
		0481CE5119DC5EA400CC097D /* Frameworks */ = {
			isa = PBXGroup;
			children = (
				0481CE5219DC5EA400CC097D /* Foundation.framework */,
				0481CE5419DC5EA400CC097D /* CoreGraphics.framework */,
				0481CE5619DC5EA400CC097D /* UIKit.framework */,
				0481CE7119DC5EA400CC097D /* XCTest.framework */,
			);
			name = Frameworks;
			sourceTree = "<group>";
		};
		0481CE5819DC5EA400CC097D /* GitDemos */ = {
			isa = PBXGroup;
			children = (
				0481CE6119DC5EA400CC097D /* AppDelegate.h */,
				0481CE6219DC5EA400CC097D /* AppDelegate.m */,
				0481CE6419DC5EA400CC097D /* Main.storyboard */,
				0481CE6719DC5EA400CC097D /* ViewController.h */,
				0481CE6819DC5EA400CC097D /* ViewController.m */,
				0481CE6A19DC5EA400CC097D /* Images.xcassets */,
				0481CE5919DC5EA400CC097D /* Supporting Files */,
			);
			path = GitDemos;
			sourceTree = "<group>";
		};
		0481CE5919DC5EA400CC097D /* Supporting Files */ = {
			isa = PBXGroup;
			children = (
				0481CE5A19DC5EA400CC097D /* GitDemos-Info.plist */,
				0481CE5B19DC5EA400CC097D /* InfoPlist.strings */,
				0481CE5E19DC5EA400CC097D /* main.m */,
				0481CE6019DC5EA400CC097D /* GitDemos-Prefix.pch */,
			);
			name = "Supporting Files";
			sourceTree = "<group>";
		};
		0481CE7719DC5EA400CC097D /* GitDemosTests */ = {
			isa = PBXGroup;
			children = (
				0481CE7D19DC5EA400CC097D /* GitDemosTests.m */,
				0481CE7819DC5EA400CC097D /* Supporting Files */,
			);
			path = GitDemosTests;
			sourceTree = "<group>";
		};
		0481CE7819DC5EA400CC097D /* Supporting Files */ = {
			isa = PBXGroup;
			children = (
				0481CE7919DC5EA400CC097D /* GitDemosTests-Info.plist */,
				0481CE7A19DC5EA400CC097D /* InfoPlist.strings */,
			);
			name = "Supporting Files";
			sourceTree = "<group>";
		};
/* End PBXGroup section */

/* Begin PBXNativeTarget section */
		0481CE4E19DC5EA400CC097D /* GitDemos */ = {
			isa = PBXNativeTarget;
			buildConfigurationList = 0481CE8119DC5EA400CC097D /* Build configuration list for PBXNativeTarget "GitDemos" */;
			buildPhases = (
				0481CE4B19DC5EA400CC097D /* Sources */,
				0481CE4C19DC5EA400CC097D /* Frameworks */,
				0481CE4D19DC5EA400CC097D /* Resources */,
			);
			buildRules = (
			);
			dependencies = (
			);
			name = GitDemos;
			productName = GitDemos;
			productReference = 0481CE4F19DC5EA400CC097D /* GitDemos.app */;
			productType = "com.apple.product-type.application";
		};
		0481CE6F19DC5EA400CC097D /* GitDemosTests */ = {
			isa = PBXNativeTarget;
			buildConfigurationList = 0481CE8419DC5EA400CC097D /* Build configuration list for PBXNativeTarget "GitDemosTests" */;
			buildPhases = (
				0481CE6C19DC5EA400CC097D /* Sources */,
				0481CE6D19DC5EA400CC097D /* Frameworks */,
				0481CE6E19DC5EA400CC097D /* Resources */,
			);
			buildRules = (
			);
			dependencies = (
				0481CE7619DC5EA400CC097D /* PBXTargetDependency */,
			);
			name = GitDemosTests;
			productName = GitDemosTests;
			productReference = 0481CE7019DC5EA400CC097D /* GitDemosTests.xctest */;
			productType = "com.apple.product-type.bundle.unit-test";
		};
/* End PBXNativeTarget section */

/* Begin PBXProject section */
		0481CE4719DC5EA400CC097D /* Project object */ = {
			isa = PBXProject;
			attributes = {
				LastUpgradeCheck = 0510;
				ORGANIZATIONNAME = "___FULLUSERNAME___";
				TargetAttributes = {
					0481CE6F19DC5EA400CC097D = {
						TestTargetID = 0481CE4E19DC5EA400CC097D;
					};
				};
			};
			buildConfigurationList = 0481CE4A19DC5EA400CC097D /* Build configuration list for PBXProject "GitDemos" */;
			compatibilityVersion = "Xcode 3.2";
			developmentRegion = English;
			hasScannedForEncodings = 0;
			knownRegions = (
				en,
				Base,
			);
			mainGroup = 0481CE4619DC5EA400CC097D;
			productRefGroup = 0481CE5019DC5EA400CC097D /* Products */;
			projectDirPath = "";
			projectRoot = "";
			targets = (
				0481CE4E19DC5EA400CC097D /* GitDemos */,
				0481CE6F19DC5EA400CC097D /* GitDemosTests */,
			);
		};
/* End PBXProject section */

/* Begin PBXResourcesBuildPhase section */
		0481CE4D19DC5EA400CC097D /* Resources */ = {
			isa = PBXResourcesBuildPhase;
			buildActionMask = 2147483647;
			files = (
				0481CE6B19DC5EA400CC097D /* Images.xcassets in Resources */,
				0481CE5D19DC5EA400CC097D /* InfoPlist.strings in Resources */,
				0481CE6619DC5EA400CC097D /* Main.storyboard in Resources */,
			);
			runOnlyForDeploymentPostprocessing = 0;
		};
		0481CE6E19DC5EA400CC097D /* Resources */ = {
			isa = PBXResourcesBuildPhase;
			buildActionMask = 2147483647;
			files = (
				0481CE7C19DC5EA400CC097D /* InfoPlist.strings in Resources */,
			);
			runOnlyForDeploymentPostprocessing = 0;
		};
/* End PBXResourcesBuildPhase section */

/* Begin PBXSourcesBuildPhase section */
		0481CE4B19DC5EA400CC097D /* Sources */ = {
			isa = PBXSourcesBuildPhase;
			buildActionMask = 2147483647;
			files = (
				0481CE6919DC5EA400CC097D /* ViewController.m in Sources */,
				0481CE6319DC5EA400CC097D /* AppDelegate.m in Sources */,
				0481CE5F19DC5EA400CC097D /* main.m in Sources */,
			);
			runOnlyForDeploymentPostprocessing = 0;
		};
		0481CE6C19DC5EA400CC097D /* Sources */ = {
			isa = PBXSourcesBuildPhase;
			buildActionMask = 2147483647;
			files = (
				0481CE7E19DC5EA400CC097D /* GitDemosTests.m in Sources */,
			);
			runOnlyForDeploymentPostprocessing = 0;
		};
/* End PBXSourcesBuildPhase section */

/* Begin PBXTargetDependency section */
		0481CE7619DC5EA400CC097D /* PBXTargetDependency */ = {
			isa = PBXTargetDependency;
			target = 0481CE4E19DC5EA400CC097D /* GitDemos */;
			targetProxy = 0481CE7519DC5EA400CC097D /* PBXContainerItemProxy */;
		};
/* End PBXTargetDependency section */

/* Begin PBXVariantGroup section */
		0481CE5B19DC5EA400CC097D /* InfoPlist.strings */ = {
			isa = PBXVariantGroup;
			children = (
				0481CE5C19DC5EA400CC097D /* en */,
			);
			name = InfoPlist.strings;
			sourceTree = "<group>";
		};
		0481CE6419DC5EA400CC097D /* Main.storyboard */ = {
			isa = PBXVariantGroup;
			children = (
				0481CE6519DC5EA400CC097D /* Base */,
			);
			name = Main.storyboard;
			sourceTree = "<group>";
		};
		0481CE7A19DC5EA400CC097D /* InfoPlist.strings */ = {
			isa = PBXVariantGroup;
			children = (
				0481CE7B19DC5EA400CC097D /* en */,
			);
			name = InfoPlist.strings;
			sourceTree = "<group>";
		};
/* End PBXVariantGroup section */

/* Begin XCBuildConfiguration section */
		0481CE7F19DC5EA400CC097D /* Debug */ = {
			isa = XCBuildConfiguration;
			buildSettings = {
				ALWAYS_SEARCH_USER_PATHS = NO;
				CLANG_CXX_LANGUAGE_STANDARD = "gnu++0x";
				CLANG_CXX_LIBRARY = "libc++";
				CLANG_ENABLE_MODULES = YES;
				CLANG_ENABLE_OBJC_ARC = YES;
				CLANG_WARN_BOOL_CONVERSION = YES;
				CLANG_WARN_CONSTANT_CONVERSION = YES;
				CLANG_WARN_DIRECT_OBJC_ISA_USAGE = YES_ERROR;
				CLANG_WARN_EMPTY_BODY = YES;
				CLANG_WARN_ENUM_CONVERSION = YES;
				CLANG_WARN_INT_CONVERSION = YES;
				CLANG_WARN_OBJC_ROOT_CLASS = YES_ERROR;
				CLANG_WARN__DUPLICATE_METHOD_MATCH = YES;
				"CODE_SIGN_IDENTITY[sdk=iphoneos*]" = "iPhone Developer";
				COPY_PHASE_STRIP = NO;
				GCC_C_LANGUAGE_STANDARD = gnu99;
				GCC_DYNAMIC_NO_PIC = NO;
				GCC_OPTIMIZATION_LEVEL = 0;
				GCC_PREPROCESSOR_DEFINITIONS = (
					"DEBUG=1",
					"$(inherited)",
				);
				GCC_SYMBOLS_PRIVATE_EXTERN = NO;
				GCC_WARN_64_TO_32_BIT_CONVERSION = YES;
				GCC_WARN_ABOUT_RETURN_TYPE = YES_ERROR;
				GCC_WARN_UNDECLARED_SELECTOR = YES;
				GCC_WARN_UNINITIALIZED_AUTOS = YES_AGGRESSIVE;
				GCC_WARN_UNUSED_FUNCTION = YES;
				GCC_WARN_UNUSED_VARIABLE = YES;
				IPHONEOS_DEPLOYMENT_TARGET = 7.1;
				ONLY_ACTIVE_ARCH = YES;
				SDKROOT = iphoneos;
				TARGETED_DEVICE_FAMILY = 2;
			};
			name = Debug;
		};
		0481CE8019DC5EA400CC097D /* Release */ = {
			isa = XCBuildConfiguration;
			buildSettings = {
				ALWAYS_SEARCH_USER_PATHS = NO;
				CLANG_CXX_LANGUAGE_STANDARD = "gnu++0x";
				CLANG_CXX_LIBRARY = "libc++";
				CLANG_ENABLE_MODULES = YES;
				CLANG_ENABLE_OBJC_ARC = YES;
				CLANG_WARN_BOOL_CONVERSION = YES;
				CLANG_WARN_CONSTANT_CONVERSION = YES;
				CLANG_WARN_DIRECT_OBJC_ISA_USAGE = YES_ERROR;
				CLANG_WARN_EMPTY_BODY = YES;
				CLANG_WARN_ENUM_CONVERSION = YES;
				CLANG_WARN_INT_CONVERSION = YES;
				CLANG_WARN_OBJC_ROOT_CLASS = YES_ERROR;
				CLANG_WARN__DUPLICATE_METHOD_MATCH = YES;
				"CODE_SIGN_IDENTITY[sdk=iphoneos*]" = "iPhone Developer";
				COPY_PHASE_STRIP = YES;
				ENABLE_NS_ASSERTIONS = NO;
				GCC_C_LANGUAGE_STANDARD = gnu99;
				GCC_WARN_64_TO_32_BIT_CONVERSION = YES;
				GCC_WARN_ABOUT_RETURN_TYPE = YES_ERROR;
				GCC_WARN_UNDECLARED_SELECTOR = YES;
				GCC_WARN_UNINITIALIZED_AUTOS = YES_AGGRESSIVE;
				GCC_WARN_UNUSED_FUNCTION = YES;
				GCC_WARN_UNUSED_VARIABLE = YES;
				IPHONEOS_DEPLOYMENT_TARGET = 7.1;
				SDKROOT = iphoneos;
				TARGETED_DEVICE_FAMILY = 2;
				VALIDATE_PRODUCT = YES;
			};
			name = Release;
		};
		0481CE8219DC5EA400CC097D /* Debug */ = {
			isa = XCBuildConfiguration;
			buildSettings = {
				ASSETCATALOG_COMPILER_APPICON_NAME = AppIcon;
				ASSETCATALOG_COMPILER_LAUNCHIMAGE_NAME = LaunchImage;
				GCC_PRECOMPILE_PREFIX_HEADER = YES;
				GCC_PREFIX_HEADER = "GitDemos/GitDemos-Prefix.pch";
				INFOPLIST_FILE = "GitDemos/GitDemos-Info.plist";
				PRODUCT_NAME = "$(TARGET_NAME)";
				WRAPPER_EXTENSION = app;
			};
			name = Debug;
		};
		0481CE8319DC5EA400CC097D /* Release */ = {
			isa = XCBuildConfiguration;
			buildSettings = {
				ASSETCATALOG_COMPILER_APPICON_NAME = AppIcon;
				ASSETCATALOG_COMPILER_LAUNCHIMAGE_NAME = LaunchImage;
				GCC_PRECOMPILE_PREFIX_HEADER = YES;
				GCC_PREFIX_HEADER = "GitDemos/GitDemos-Prefix.pch";
				INFOPLIST_FILE = "GitDemos/GitDemos-Info.plist";
				PRODUCT_NAME = "$(TARGET_NAME)";
				WRAPPER_EXTENSION = app;
			};
			name = Release;
		};
		0481CE8519DC5EA400CC097D /* Debug */ = {
			isa = XCBuildConfiguration;
			buildSettings = {
				BUNDLE_LOADER = "$(BUILT_PRODUCTS_DIR)/GitDemos.app/GitDemos";
				FRAMEWORK_SEARCH_PATHS = (
					"$(SDKROOT)/Developer/Library/Frameworks",
					"$(inherited)",
					"$(DEVELOPER_FRAMEWORKS_DIR)",
				);
				GCC_PRECOMPILE_PREFIX_HEADER = YES;
				GCC_PREFIX_HEADER = "GitDemos/GitDemos-Prefix.pch";
				GCC_PREPROCESSOR_DEFINITIONS = (
					"DEBUG=1",
					"$(inherited)",
				);
				INFOPLIST_FILE = "GitDemosTests/GitDemosTests-Info.plist";
				PRODUCT_NAME = "$(TARGET_NAME)";
				TEST_HOST = "$(BUNDLE_LOADER)";
				WRAPPER_EXTENSION = xctest;
			};
			name = Debug;
		};
		0481CE8619DC5EA400CC097D /* Release */ = {
			isa = XCBuildConfiguration;
			buildSettings = {
				BUNDLE_LOADER = "$(BUILT_PRODUCTS_DIR)/GitDemos.app/GitDemos";
				FRAMEWORK_SEARCH_PATHS = (
					"$(SDKROOT)/Developer/Library/Frameworks",
					"$(inherited)",
					"$(DEVELOPER_FRAMEWORKS_DIR)",
				);
				GCC_PRECOMPILE_PREFIX_HEADER = YES;
				GCC_PREFIX_HEADER = "GitDemos/GitDemos-Prefix.pch";
				INFOPLIST_FILE = "GitDemosTests/GitDemosTests-Info.plist";
				PRODUCT_NAME = "$(TARGET_NAME)";
				TEST_HOST = "$(BUNDLE_LOADER)";
				WRAPPER_EXTENSION = xctest;
			};
			name = Release;
		};
/* End XCBuildConfiguration section */

/* Begin XCConfigurationList section */
		0481CE4A19DC5EA400CC097D /* Build configuration list for PBXProject "GitDemos" */ = {
			isa = XCConfigurationList;
			buildConfigurations = (
				0481CE7F19DC5EA400CC097D /* Debug */,
				0481CE8019DC5EA400CC097D /* Release */,
			);
			defaultConfigurationIsVisible = 0;
			defaultConfigurationName = Release;
		};
		0481CE8119DC5EA400CC097D /* Build configuration list for PBXNativeTarget "GitDemos" */ = {
			isa = XCConfigurationList;
			buildConfigurations = (
				0481CE8219DC5EA400CC097D /* Debug */,
				0481CE8319DC5EA400CC097D /* Release */,
			);
			defaultConfigurationIsVisible = 0;
		};
		0481CE8419DC5EA400CC097D /* Build configuration list for PBXNativeTarget "GitDemosTests" */ = {
			isa = XCConfigurationList;
			buildConfigurations = (
				0481CE8519DC5EA400CC097D /* Debug */,
				0481CE8619DC5EA400CC097D /* Release */,
			);
			defaultConfigurationIsVisible = 0;
		};
/* End XCConfigurationList section */
	};
	rootObject = 0481CE4719DC5EA400CC097D /* Project object */;
}
